
Microsoft Visual Studio Solution File, Format Version 12.00
# Visual Studio Version 17
VisualStudioVersion = 17.10.35027.167
MinimumVisualStudioVersion = 10.0.40219.1
Project("{FAE04EC0-301F-11D3-BF4B-00C04F79EFBC}") = "SuperTramApp", "SuperTramApp\SuperTramApp.csproj", "{D677D099-70CB-4EBF-83FB-41CE4E1C1FBC}"
EndProject
Project("{9A19103F-16F7-4668-BE54-9A1E7A4F7556}") = "SuperTramApp.Data", "SuperTramApp.Data\SuperTramApp.Data.csproj", "{8AD5E20C-EE36-4956-8C8B-5985A2E41139}"
EndProject
Project("{9A19103F-16F7-4668-BE54-9A1E7A4F7556}") = "SuperTramApp.Services", "SuperTram.Services\SuperTramApp.Services.csproj", "{71AC4130-AC67-49F1-8A85-484320C1213D}"
EndProject
Project("{9A19103F-16F7-4668-BE54-9A1E7A4F7556}") = "SuperTramApp.WebApi", "SuperTramApp.WebApi\SuperTramApp.WebApi.csproj", "{D5342E54-12EF-4271-84AA-18E84C4FEE93}"
EndProject
Global
	GlobalSection(SolutionConfigurationPlatforms) = preSolution
		Debug|Any CPU = Debug|Any CPU
		Release|Any CPU = Release|Any CPU
	EndGlobalSection
	GlobalSection(ProjectConfigurationPlatforms) = postSolution
		{D677D099-70CB-4EBF-83FB-41CE4E1C1FBC}.Debug|Any CPU.ActiveCfg = Debug|Any CPU
		{D677D099-70CB-4EBF-83FB-41CE4E1C1FBC}.Debug|Any CPU.Build.0 = Debug|Any CPU
		{D677D099-70CB-4EBF-83FB-41CE4E1C1FBC}.Release|Any CPU.ActiveCfg = Release|Any CPU
		{D677D099-70CB-4EBF-83FB-41CE4E1C1FBC}.Release|Any CPU.Build.0 = Release|Any CPU
		{8AD5E20C-EE36-4956-8C8B-5985A2E41139}.Debug|Any CPU.ActiveCfg = Debug|Any CPU
		{8AD5E20C-EE36-4956-8C8B-5985A2E41139}.Debug|Any CPU.Build.0 = Debug|Any CPU
		{8AD5E20C-EE36-4956-8C8B-5985A2E41139}.Release|Any CPU.ActiveCfg = Release|Any CPU
		{8AD5E20C-EE36-4956-8C8B-5985A2E41139}.Release|Any CPU.Build.0 = Release|Any CPU
		{71AC4130-AC67-49F1-8A85-484320C1213D}.Debug|Any CPU.ActiveCfg = Debug|Any CPU
		{71AC4130-AC67-49F1-8A85-484320C1213D}.Debug|Any CPU.Build.0 = Debug|Any CPU
		{71AC4130-AC67-49F1-8A85-484320C1213D}.Release|Any CPU.ActiveCfg = Release|Any CPU
		{71AC4130-AC67-49F1-8A85-484320C1213D}.Release|Any CPU.Build.0 = Release|Any CPU
		{D5342E54-12EF-4271-84AA-18E84C4FEE93}.Debug|Any CPU.ActiveCfg = Debug|Any CPU
		{D5342E54-12EF-4271-84AA-18E84C4FEE93}.Debug|Any CPU.Build.0 = Debug|Any CPU
		{D5342E54-12EF-4271-84AA-18E84C4FEE93}.Release|Any CPU.ActiveCfg = Release|Any CPU
		{D5342E54-12EF-4271-84AA-18E84C4FEE93}.Release|Any CPU.Build.0 = Release|Any CPU
	EndGlobalSection
	GlobalSection(SolutionProperties) = preSolution
		HideSolutionNode = FALSE
	EndGlobalSection
	GlobalSection(ExtensibilityGlobals) = postSolution
		SolutionGuid = {40848785-8185-458B-BA8E-1A498251ADE3}
	EndGlobalSection
EndGlobal
